
Microsoft Visual Studio Solution File, Format Version 12.00
# Visual Studio 15
VisualStudioVersion = 15.0.27130.2026
MinimumVisualStudioVersion = 10.0.40219.1
Project("{9A19103F-16F7-4668-BE54-9A1E7A4F7556}") = "LISTING 3-13 ASP validation", "LISTING 3-13 ASP validation\LISTING 3-13 ASP validation.csproj", "{BDF6B71F-6806-466D-A67A-67A0627738E2}"
EndProject
Global
	GlobalSection(SolutionConfigurationPlatforms) = preSolution
		Debug|Any CPU = Debug|Any CPU
		Release|Any CPU = Release|Any CPU
	EndGlobalSection
	GlobalSection(ProjectConfigurationPlatforms) = postSolution
		{BDF6B71F-6806-466D-A67A-67A0627738E2}.Debug|Any CPU.ActiveCfg = Debug|Any CPU
		{BDF6B71F-6806-466D-A67A-67A0627738E2}.Debug|Any CPU.Build.0 = Debug|Any CPU
		{BDF6B71F-6806-466D-A67A-67A0627738E2}.Release|Any CPU.ActiveCfg = Release|Any CPU
		{BDF6B71F-6806-466D-A67A-67A0627738E2}.Release|Any CPU.Build.0 = Release|Any CPU
	EndGlobalSection
	GlobalSection(SolutionProperties) = preSolution
		HideSolutionNode = FALSE
	EndGlobalSection
	GlobalSection(ExtensibilityGlobals) = postSolution
		SolutionGuid = {B8FD4D85-6185-402B-8A25-7C956EFB07EB}
	EndGlobalSection
EndGlobal
